# This file is generated by running "yarn install" inside your project.
# Manual changes might be lost - proceed with caution!

__metadata:
  version: 8
  cacheKey: 10c0

"fuseki-testing-tool@workspace:.":
  version: 0.0.0-use.local
  resolution: "fuseki-testing-tool@workspace:."
  dependencies:
    npm-check-updates: "npm:^17.1.11"
  languageName: unknown
  linkType: soft

"npm-check-updates@npm:^17.1.11":
  version: 17.1.11
  resolution: "npm-check-updates@npm:17.1.11"
  bin:
    ncu: build/cli.js
    npm-check-updates: build/cli.js
  checksum: 10c0/aad2b568db346d423dd75631d73d3644f67039cae293222df30ff38873b907f1637e85a292ab92101af5402535ec24cabea41250665325c6b5da464abe0337c3
  languageName: node
  linkType: hard
